
Microsoft Visual Studio Solution File, Format Version 12.00
Project("{FAE04EC0-301F-11D3-BF4B-00C04F79EFBC}") = "PaymentService.API", "PaymentService.API\PaymentService.API.csproj", "{303280EE-5A66-4FA2-91DC-8DA90E13B51B}"
EndProject
Project("{FAE04EC0-301F-11D3-BF4B-00C04F79EFBC}") = "PaymentService.Infrastructure", "PaymentService.Infrastructure\PaymentService.Infrastructure.csproj", "{A4926061-0A90-4D10-98F3-0DABBD6EBECA}"
EndProject
Project("{FAE04EC0-301F-11D3-BF4B-00C04F79EFBC}") = "PaymentService.Application", "PaymentService.Application\PaymentService.Application.csproj", "{53C329CA-A87E-4BEE-8257-7467831FAC54}"
EndProject
Project("{FAE04EC0-301F-11D3-BF4B-00C04F79EFBC}") = "PaymentService.Domain", "PaymentService.Domain\PaymentService.Domain.csproj", "{DFF91BF7-BC34-41F7-BAF8-36213AFA450D}"
EndProject
Project("{FAE04EC0-301F-11D3-BF4B-00C04F79EFBC}") = "PaymentService.UnitTests", "PaymentService.UnitTests\PaymentService.UnitTests.csproj", "{DE3363A4-4AA0-4588-A28C-FEA565D879A3}"
EndProject
Global
	GlobalSection(SolutionConfigurationPlatforms) = preSolution
		Debug|Any CPU = Debug|Any CPU
		Release|Any CPU = Release|Any CPU
	EndGlobalSection
	GlobalSection(ProjectConfigurationPlatforms) = postSolution
		{303280EE-5A66-4FA2-91DC-8DA90E13B51B}.Debug|Any CPU.ActiveCfg = Debug|Any CPU
		{303280EE-5A66-4FA2-91DC-8DA90E13B51B}.Debug|Any CPU.Build.0 = Debug|Any CPU
		{303280EE-5A66-4FA2-91DC-8DA90E13B51B}.Release|Any CPU.ActiveCfg = Release|Any CPU
		{303280EE-5A66-4FA2-91DC-8DA90E13B51B}.Release|Any CPU.Build.0 = Release|Any CPU
		{A4926061-0A90-4D10-98F3-0DABBD6EBECA}.Debug|Any CPU.ActiveCfg = Debug|Any CPU
		{A4926061-0A90-4D10-98F3-0DABBD6EBECA}.Debug|Any CPU.Build.0 = Debug|Any CPU
		{A4926061-0A90-4D10-98F3-0DABBD6EBECA}.Release|Any CPU.ActiveCfg = Release|Any CPU
		{A4926061-0A90-4D10-98F3-0DABBD6EBECA}.Release|Any CPU.Build.0 = Release|Any CPU
		{53C329CA-A87E-4BEE-8257-7467831FAC54}.Debug|Any CPU.ActiveCfg = Debug|Any CPU
		{53C329CA-A87E-4BEE-8257-7467831FAC54}.Debug|Any CPU.Build.0 = Debug|Any CPU
		{53C329CA-A87E-4BEE-8257-7467831FAC54}.Release|Any CPU.ActiveCfg = Release|Any CPU
		{53C329CA-A87E-4BEE-8257-7467831FAC54}.Release|Any CPU.Build.0 = Release|Any CPU
		{DFF91BF7-BC34-41F7-BAF8-36213AFA450D}.Debug|Any CPU.ActiveCfg = Debug|Any CPU
		{DFF91BF7-BC34-41F7-BAF8-36213AFA450D}.Debug|Any CPU.Build.0 = Debug|Any CPU
		{DFF91BF7-BC34-41F7-BAF8-36213AFA450D}.Release|Any CPU.ActiveCfg = Release|Any CPU
		{DFF91BF7-BC34-41F7-BAF8-36213AFA450D}.Release|Any CPU.Build.0 = Release|Any CPU
		{DE3363A4-4AA0-4588-A28C-FEA565D879A3}.Debug|Any CPU.ActiveCfg = Debug|Any CPU
		{DE3363A4-4AA0-4588-A28C-FEA565D879A3}.Debug|Any CPU.Build.0 = Debug|Any CPU
		{DE3363A4-4AA0-4588-A28C-FEA565D879A3}.Release|Any CPU.ActiveCfg = Release|Any CPU
		{DE3363A4-4AA0-4588-A28C-FEA565D879A3}.Release|Any CPU.Build.0 = Release|Any CPU
	EndGlobalSection
EndGlobal
